// !$*UTF8*$!
{
	archiveVersion = 1;
	classes = {
	};
	objectVersion = 46;
	objects = {

/* Begin PBXBuildFile section */
		2C3165631E82E09D0074C66C /* AppDelegate.swift in Sources */ = {isa = PBXBuildFile; fileRef = 2C3165621E82E09D0074C66C /* AppDelegate.swift */; };
		2C3165681E82E09D0074C66C /* Main.storyboard in Resources */ = {isa = PBXBuildFile; fileRef = 2C3165661E82E09D0074C66C /* Main.storyboard */; };
		2C31656B1E82E09D0074C66C /* infGalleryIOS.xcdatamodeld in Sources */ = {isa = PBXBuildFile; fileRef = 2C3165691E82E09D0074C66C /* infGalleryIOS.xcdatamodeld */; };
		2C31656D1E82E09D0074C66C /* Assets.xcassets in Resources */ = {isa = PBXBuildFile; fileRef = 2C31656C1E82E09D0074C66C /* Assets.xcassets */; };
		2C3165701E82E09D0074C66C /* LaunchScreen.storyboard in Resources */ = {isa = PBXBuildFile; fileRef = 2C31656E1E82E09D0074C66C /* LaunchScreen.storyboard */; };
		2C31657B1E82E09D0074C66C /* infGalleryIOSTests.swift in Sources */ = {isa = PBXBuildFile; fileRef = 2C31657A1E82E09D0074C66C /* infGalleryIOSTests.swift */; };
		2C3165861E82E09D0074C66C /* infGalleryIOSUITests.swift in Sources */ = {isa = PBXBuildFile; fileRef = 2C3165851E82E09D0074C66C /* infGalleryIOSUITests.swift */; };
		2C3165971E82E13B0074C66C /* GalleryItem.swift in Sources */ = {isa = PBXBuildFile; fileRef = 2C3165961E82E13B0074C66C /* GalleryItem.swift */; };
		2C31659A1E82E1670074C66C /* ViewController.swift in Sources */ = {isa = PBXBuildFile; fileRef = 2C3165991E82E1670074C66C /* ViewController.swift */; };
		2C31659E1E82E1820074C66C /* GalleryItemCommentView.swift in Sources */ = {isa = PBXBuildFile; fileRef = 2C31659C1E82E1820074C66C /* GalleryItemCommentView.swift */; };
		2C31659F1E82E1820074C66C /* GalleryItemCollectionViewCell.swift in Sources */ = {isa = PBXBuildFile; fileRef = 2C31659D1E82E1820074C66C /* GalleryItemCollectionViewCell.swift */; };
		2C3165A31E82E2EE0074C66C /* items.plist in Resources */ = {isa = PBXBuildFile; fileRef = 2C3165A21E82E2EE0074C66C /* items.plist */; };
		2C3165A51E82E6130074C66C /* FullscreenImageViewController.swift in Sources */ = {isa = PBXBuildFile; fileRef = 2C3165A41E82E6130074C66C /* FullscreenImageViewController.swift */; };
		CD95E49B71CF2F37AD9BE5A1 /* Pods_infGalleryIOSTests.framework in Frameworks */ = {isa = PBXBuildFile; fileRef = 8B9F2AAC6BA36036088281C4 /* Pods_infGalleryIOSTests.framework */; };
		E5FFA64A1A6313837F1D966A /* Pods_infGalleryIOSUITests.framework in Frameworks */ = {isa = PBXBuildFile; fileRef = D41046605EE941A84897098A /* Pods_infGalleryIOSUITests.framework */; };
		EEFF28395036BE47C70342EF /* Pods_infGalleryIOS.framework in Frameworks */ = {isa = PBXBuildFile; fileRef = 81815A746151A8F458E23BB1 /* Pods_infGalleryIOS.framework */; };
/* End PBXBuildFile section */

/* Begin PBXContainerItemProxy section */
		2C3165771E82E09D0074C66C /* PBXContainerItemProxy */ = {
			isa = PBXContainerItemProxy;
			containerPortal = 2C3165571E82E09C0074C66C /* Project object */;
			proxyType = 1;
			remoteGlobalIDString = 2C31655E1E82E09C0074C66C;
			remoteInfo = infGalleryIOS;
		};
		2C3165821E82E09D0074C66C /* PBXContainerItemProxy */ = {
			isa = PBXContainerItemProxy;
			containerPortal = 2C3165571E82E09C0074C66C /* Project object */;
			proxyType = 1;
			remoteGlobalIDString = 2C31655E1E82E09C0074C66C;
			remoteInfo = infGalleryIOS;
		};
/* End PBXContainerItemProxy section */

/* Begin PBXFileReference section */
		0DC730EB4E1E691612AFEA6D /* Pods-infGalleryIOSUITests.release.xcconfig */ = {isa = PBXFileReference; includeInIndex = 1; lastKnownFileType = text.xcconfig; name = "Pods-infGalleryIOSUITests.release.xcconfig"; path = "Pods/Target Support Files/Pods-infGalleryIOSUITests/Pods-infGalleryIOSUITests.release.xcconfig"; sourceTree = "<group>"; };
		23E9098E4ACE78F24444D1B5 /* Pods-infGalleryIOSUITests.debug.xcconfig */ = {isa = PBXFileReference; includeInIndex = 1; lastKnownFileType = text.xcconfig; name = "Pods-infGalleryIOSUITests.debug.xcconfig"; path = "Pods/Target Support Files/Pods-infGalleryIOSUITests/Pods-infGalleryIOSUITests.debug.xcconfig"; sourceTree = "<group>"; };
		2C31655F1E82E09C0074C66C /* infGalleryIOS.app */ = {isa = PBXFileReference; explicitFileType = wrapper.application; includeInIndex = 0; path = infGalleryIOS.app; sourceTree = BUILT_PRODUCTS_DIR; };
		2C3165621E82E09D0074C66C /* AppDelegate.swift */ = {isa = PBXFileReference; lastKnownFileType = sourcecode.swift; path = AppDelegate.swift; sourceTree = "<group>"; };
		2C3165671E82E09D0074C66C /* Base */ = {isa = PBXFileReference; lastKnownFileType = file.storyboard; name = Base; path = Base.lproj/Main.storyboard; sourceTree = "<group>"; };
		2C31656A1E82E09D0074C66C /* infGalleryIOS.xcdatamodel */ = {isa = PBXFileReference; lastKnownFileType = wrapper.xcdatamodel; path = infGalleryIOS.xcdatamodel; sourceTree = "<group>"; };
		2C31656C1E82E09D0074C66C /* Assets.xcassets */ = {isa = PBXFileReference; lastKnownFileType = folder.assetcatalog; path = Assets.xcassets; sourceTree = "<group>"; };
		2C31656F1E82E09D0074C66C /* Base */ = {isa = PBXFileReference; lastKnownFileType = file.storyboard; name = Base; path = Base.lproj/LaunchScreen.storyboard; sourceTree = "<group>"; };
		2C3165711E82E09D0074C66C /* Info.plist */ = {isa = PBXFileReference; lastKnownFileType = text.plist.xml; path = Info.plist; sourceTree = "<group>"; };
		2C3165761E82E09D0074C66C /* infGalleryIOSTests.xctest */ = {isa = PBXFileReference; explicitFileType = wrapper.cfbundle; includeInIndex = 0; path = infGalleryIOSTests.xctest; sourceTree = BUILT_PRODUCTS_DIR; };
		2C31657A1E82E09D0074C66C /* infGalleryIOSTests.swift */ = {isa = PBXFileReference; lastKnownFileType = sourcecode.swift; path = infGalleryIOSTests.swift; sourceTree = "<group>"; };
		2C31657C1E82E09D0074C66C /* Info.plist */ = {isa = PBXFileReference; lastKnownFileType = text.plist.xml; path = Info.plist; sourceTree = "<group>"; };
		2C3165811E82E09D0074C66C /* infGalleryIOSUITests.xctest */ = {isa = PBXFileReference; explicitFileType = wrapper.cfbundle; includeInIndex = 0; path = infGalleryIOSUITests.xctest; sourceTree = BUILT_PRODUCTS_DIR; };
		2C3165851E82E09D0074C66C /* infGalleryIOSUITests.swift */ = {isa = PBXFileReference; lastKnownFileType = sourcecode.swift; path = infGalleryIOSUITests.swift; sourceTree = "<group>"; };
		2C3165871E82E09D0074C66C /* Info.plist */ = {isa = PBXFileReference; lastKnownFileType = text.plist.xml; path = Info.plist; sourceTree = "<group>"; };
		2C3165961E82E13B0074C66C /* GalleryItem.swift */ = {isa = PBXFileReference; fileEncoding = 4; lastKnownFileType = sourcecode.swift; path = GalleryItem.swift; sourceTree = "<group>"; };
		2C3165991E82E1670074C66C /* ViewController.swift */ = {isa = PBXFileReference; fileEncoding = 4; lastKnownFileType = sourcecode.swift; path = ViewController.swift; sourceTree = "<group>"; };
		2C31659C1E82E1820074C66C /* GalleryItemCommentView.swift */ = {isa = PBXFileReference; fileEncoding = 4; lastKnownFileType = sourcecode.swift; path = GalleryItemCommentView.swift; sourceTree = "<group>"; };
		2C31659D1E82E1820074C66C /* GalleryItemCollectionViewCell.swift */ = {isa = PBXFileReference; fileEncoding = 4; lastKnownFileType = sourcecode.swift; path = GalleryItemCollectionViewCell.swift; sourceTree = "<group>"; };
		2C3165A21E82E2EE0074C66C /* items.plist */ = {isa = PBXFileReference; fileEncoding = 4; lastKnownFileType = text.plist.xml; path = items.plist; sourceTree = "<group>"; };
		2C3165A41E82E6130074C66C /* FullscreenImageViewController.swift */ = {isa = PBXFileReference; fileEncoding = 4; lastKnownFileType = sourcecode.swift; path = FullscreenImageViewController.swift; sourceTree = "<group>"; };
		489271A4499F4C889F143558 /* Pods-infGalleryIOS.debug.xcconfig */ = {isa = PBXFileReference; includeInIndex = 1; lastKnownFileType = text.xcconfig; name = "Pods-infGalleryIOS.debug.xcconfig"; path = "Pods/Target Support Files/Pods-infGalleryIOS/Pods-infGalleryIOS.debug.xcconfig"; sourceTree = "<group>"; };
		5AF3F18E3B32EF4697ADD1C1 /* Pods-infGalleryIOSTests.release.xcconfig */ = {isa = PBXFileReference; includeInIndex = 1; lastKnownFileType = text.xcconfig; name = "Pods-infGalleryIOSTests.release.xcconfig"; path = "Pods/Target Support Files/Pods-infGalleryIOSTests/Pods-infGalleryIOSTests.release.xcconfig"; sourceTree = "<group>"; };
		81815A746151A8F458E23BB1 /* Pods_infGalleryIOS.framework */ = {isa = PBXFileReference; explicitFileType = wrapper.framework; includeInIndex = 0; path = Pods_infGalleryIOS.framework; sourceTree = BUILT_PRODUCTS_DIR; };
		8B9F2AAC6BA36036088281C4 /* Pods_infGalleryIOSTests.framework */ = {isa = PBXFileReference; explicitFileType = wrapper.framework; includeInIndex = 0; path = Pods_infGalleryIOSTests.framework; sourceTree = BUILT_PRODUCTS_DIR; };
		A195C0989549ABD3AA47FA8D /* Pods-infGalleryIOSTests.debug.xcconfig */ = {isa = PBXFileReference; includeInIndex = 1; lastKnownFileType = text.xcconfig; name = "Pods-infGalleryIOSTests.debug.xcconfig"; path = "Pods/Target Support Files/Pods-infGalleryIOSTests/Pods-infGalleryIOSTests.debug.xcconfig"; sourceTree = "<group>"; };
		D41046605EE941A84897098A /* Pods_infGalleryIOSUITests.framework */ = {isa = PBXFileReference; explicitFileType = wrapper.framework; includeInIndex = 0; path = Pods_infGalleryIOSUITests.framework; sourceTree = BUILT_PRODUCTS_DIR; };
		E231A69246522218F684FA6F /* Pods-infGalleryIOS.release.xcconfig */ = {isa = PBXFileReference; includeInIndex = 1; lastKnownFileType = text.xcconfig; name = "Pods-infGalleryIOS.release.xcconfig"; path = "Pods/Target Support Files/Pods-infGalleryIOS/Pods-infGalleryIOS.release.xcconfig"; sourceTree = "<group>"; };
/* End PBXFileReference section */

/* Begin PBXFrameworksBuildPhase section */
		2C31655C1E82E09C0074C66C /* Frameworks */ = {
			isa = PBXFrameworksBuildPhase;
			buildActionMask = 2147483647;
			files = (
				EEFF28395036BE47C70342EF /* Pods_infGalleryIOS.framework in Frameworks */,
			);
			runOnlyForDeploymentPostprocessing = 0;
		};
		2C3165731E82E09D0074C66C /* Frameworks */ = {
			isa = PBXFrameworksBuildPhase;
			buildActionMask = 2147483647;
			files = (
				CD95E49B71CF2F37AD9BE5A1 /* Pods_infGalleryIOSTests.framework in Frameworks */,
			);
			runOnlyForDeploymentPostprocessing = 0;
		};
		2C31657E1E82E09D0074C66C /* Frameworks */ = {
			isa = PBXFrameworksBuildPhase;
			buildActionMask = 2147483647;
			files = (
				E5FFA64A1A6313837F1D966A /* Pods_infGalleryIOSUITests.framework in Frameworks */,
			);
			runOnlyForDeploymentPostprocessing = 0;
		};
/* End PBXFrameworksBuildPhase section */

/* Begin PBXGroup section */
		1B0A98EA4C7C9DC7735C82E0 /* Frameworks */ = {
			isa = PBXGroup;
			children = (
				81815A746151A8F458E23BB1 /* Pods_infGalleryIOS.framework */,
				8B9F2AAC6BA36036088281C4 /* Pods_infGalleryIOSTests.framework */,
				D41046605EE941A84897098A /* Pods_infGalleryIOSUITests.framework */,
			);
			name = Frameworks;
			sourceTree = "<group>";
		};
		2C3165561E82E09C0074C66C = {
			isa = PBXGroup;
			children = (
				2C3165611E82E09D0074C66C /* infGalleryIOS */,
				2C3165791E82E09D0074C66C /* infGalleryIOSTests */,
				2C3165841E82E09D0074C66C /* infGalleryIOSUITests */,
				2C3165601E82E09C0074C66C /* Products */,
				DEB59C5E5F146A28610D7093 /* Pods */,
				1B0A98EA4C7C9DC7735C82E0 /* Frameworks */,
			);
			sourceTree = "<group>";
		};
		2C3165601E82E09C0074C66C /* Products */ = {
			isa = PBXGroup;
			children = (
				2C31655F1E82E09C0074C66C /* infGalleryIOS.app */,
				2C3165761E82E09D0074C66C /* infGalleryIOSTests.xctest */,
				2C3165811E82E09D0074C66C /* infGalleryIOSUITests.xctest */,
			);
			name = Products;
			sourceTree = "<group>";
		};
		2C3165611E82E09D0074C66C /* infGalleryIOS */ = {
			isa = PBXGroup;
			children = (
				2C3165A11E82E2DE0074C66C /* Data */,
				2C3165A01E82E1940074C66C /* SupportingFiles */,
				2C31659B1E82E16C0074C66C /* Views */,
				2C3165981E82E14A0074C66C /* ViewControllers */,
				2C3165951E82E1200074C66C /* Models */,
				2C3165941E82E0FC0074C66C /* Interfaces */,
				2C3165931E82E0E50074C66C /* AppDelegate */,
				2C31656C1E82E09D0074C66C /* Assets.xcassets */,
				2C3165691E82E09D0074C66C /* infGalleryIOS.xcdatamodeld */,
			);
			path = infGalleryIOS;
			sourceTree = "<group>";
		};
		2C3165791E82E09D0074C66C /* infGalleryIOSTests */ = {
			isa = PBXGroup;
			children = (
				2C31657A1E82E09D0074C66C /* infGalleryIOSTests.swift */,
				2C31657C1E82E09D0074C66C /* Info.plist */,
			);
			path = infGalleryIOSTests;
			sourceTree = "<group>";
		};
		2C3165841E82E09D0074C66C /* infGalleryIOSUITests */ = {
			isa = PBXGroup;
			children = (
				2C3165851E82E09D0074C66C /* infGalleryIOSUITests.swift */,
				2C3165871E82E09D0074C66C /* Info.plist */,
			);
			path = infGalleryIOSUITests;
			sourceTree = "<group>";
		};
		2C3165931E82E0E50074C66C /* AppDelegate */ = {
			isa = PBXGroup;
			children = (
				2C3165621E82E09D0074C66C /* AppDelegate.swift */,
			);
			name = AppDelegate;
			sourceTree = "<group>";
		};
		2C3165941E82E0FC0074C66C /* Interfaces */ = {
			isa = PBXGroup;
			children = (
				2C3165661E82E09D0074C66C /* Main.storyboard */,
				2C31656E1E82E09D0074C66C /* LaunchScreen.storyboard */,
			);
			name = Interfaces;
			sourceTree = "<group>";
		};
		2C3165951E82E1200074C66C /* Models */ = {
			isa = PBXGroup;
			children = (
				2C3165961E82E13B0074C66C /* GalleryItem.swift */,
			);
			name = Models;
			sourceTree = "<group>";
		};
		2C3165981E82E14A0074C66C /* ViewControllers */ = {
			isa = PBXGroup;
			children = (
				2C3165991E82E1670074C66C /* ViewController.swift */,
				2C3165A41E82E6130074C66C /* FullscreenImageViewController.swift */,
			);
			name = ViewControllers;
			sourceTree = "<group>";
		};
		2C31659B1E82E16C0074C66C /* Views */ = {
			isa = PBXGroup;
			children = (
				2C31659C1E82E1820074C66C /* GalleryItemCommentView.swift */,
				2C31659D1E82E1820074C66C /* GalleryItemCollectionViewCell.swift */,
			);
			name = Views;
			sourceTree = "<group>";
		};
		2C3165A01E82E1940074C66C /* SupportingFiles */ = {
			isa = PBXGroup;
			children = (
				2C3165711E82E09D0074C66C /* Info.plist */,
			);
			name = SupportingFiles;
			sourceTree = "<group>";
		};
		2C3165A11E82E2DE0074C66C /* Data */ = {
			isa = PBXGroup;
			children = (
				2C3165A21E82E2EE0074C66C /* items.plist */,
			);
			name = Data;
			sourceTree = "<group>";
		};
		DEB59C5E5F146A28610D7093 /* Pods */ = {
			isa = PBXGroup;
			children = (
				489271A4499F4C889F143558 /* Pods-infGalleryIOS.debug.xcconfig */,
				E231A69246522218F684FA6F /* Pods-infGalleryIOS.release.xcconfig */,
				A195C0989549ABD3AA47FA8D /* Pods-infGalleryIOSTests.debug.xcconfig */,
				5AF3F18E3B32EF4697ADD1C1 /* Pods-infGalleryIOSTests.release.xcconfig */,
				23E9098E4ACE78F24444D1B5 /* Pods-infGalleryIOSUITests.debug.xcconfig */,
				0DC730EB4E1E691612AFEA6D /* Pods-infGalleryIOSUITests.release.xcconfig */,
			);
			name = Pods;
			sourceTree = "<group>";
		};
/* End PBXGroup section */

/* Begin PBXNativeTarget section */
		2C31655E1E82E09C0074C66C /* infGalleryIOS */ = {
			isa = PBXNativeTarget;
			buildConfigurationList = 2C31658A1E82E09D0074C66C /* Build configuration list for PBXNativeTarget "infGalleryIOS" */;
			buildPhases = (
				929122D2223E68E60713033B /* [CP] Check Pods Manifest.lock */,
				2C31655B1E82E09C0074C66C /* Sources */,
				2C31655C1E82E09C0074C66C /* Frameworks */,
				2C31655D1E82E09C0074C66C /* Resources */,
				F3580FD0FE915E5311F593DE /* [CP] Embed Pods Frameworks */,
				4A6448B87745EC61F38995C3 /* [CP] Copy Pods Resources */,
			);
			buildRules = (
			);
			dependencies = (
			);
			name = infGalleryIOS;
			productName = infGalleryIOS;
			productReference = 2C31655F1E82E09C0074C66C /* infGalleryIOS.app */;
			productType = "com.apple.product-type.application";
		};
		2C3165751E82E09D0074C66C /* infGalleryIOSTests */ = {
			isa = PBXNativeTarget;
			buildConfigurationList = 2C31658D1E82E09D0074C66C /* Build configuration list for PBXNativeTarget "infGalleryIOSTests" */;
			buildPhases = (
				6BF05C04F6C495A89541F3AB /* [CP] Check Pods Manifest.lock */,
				2C3165721E82E09D0074C66C /* Sources */,
				2C3165731E82E09D0074C66C /* Frameworks */,
				2C3165741E82E09D0074C66C /* Resources */,
				29A8F5BF6B61ABF3FFC73E80 /* [CP] Embed Pods Frameworks */,
				BB01FDAC10EEF6C3FA3C6AA1 /* [CP] Copy Pods Resources */,
			);
			buildRules = (
			);
			dependencies = (
				2C3165781E82E09D0074C66C /* PBXTargetDependency */,
			);
			name = infGalleryIOSTests;
			productName = infGalleryIOSTests;
			productReference = 2C3165761E82E09D0074C66C /* infGalleryIOSTests.xctest */;
			productType = "com.apple.product-type.bundle.unit-test";
		};
		2C3165801E82E09D0074C66C /* infGalleryIOSUITests */ = {
			isa = PBXNativeTarget;
			buildConfigurationList = 2C3165901E82E09D0074C66C /* Build configuration list for PBXNativeTarget "infGalleryIOSUITests" */;
			buildPhases = (
				9B735DD3C2D26DCE9D9625DB /* [CP] Check Pods Manifest.lock */,
				2C31657D1E82E09D0074C66C /* Sources */,
				2C31657E1E82E09D0074C66C /* Frameworks */,
				2C31657F1E82E09D0074C66C /* Resources */,
				C11DCD98C8660FD9D446F4C1 /* [CP] Embed Pods Frameworks */,
				6743AF1FA6A7ABBBB6719E3C /* [CP] Copy Pods Resources */,
			);
			buildRules = (
			);
			dependencies = (
				2C3165831E82E09D0074C66C /* PBXTargetDependency */,
			);
			name = infGalleryIOSUITests;
			productName = infGalleryIOSUITests;
			productReference = 2C3165811E82E09D0074C66C /* infGalleryIOSUITests.xctest */;
			productType = "com.apple.product-type.bundle.ui-testing";
		};
/* End PBXNativeTarget section */

/* Begin PBXProject section */
		2C3165571E82E09C0074C66C /* Project object */ = {
			isa = PBXProject;
			attributes = {
				LastSwiftUpdateCheck = 0820;
				LastUpgradeCheck = 0820;
				ORGANIZATIONNAME = Kamajabu;
				TargetAttributes = {
					2C31655E1E82E09C0074C66C = {
						CreatedOnToolsVersion = 8.2.1;
						DevelopmentTeam = AEXXQNVE8L;
						ProvisioningStyle = Automatic;
					};
					2C3165751E82E09D0074C66C = {
						CreatedOnToolsVersion = 8.2.1;
						DevelopmentTeam = AEXXQNVE8L;
						ProvisioningStyle = Automatic;
						TestTargetID = 2C31655E1E82E09C0074C66C;
					};
					2C3165801E82E09D0074C66C = {
						CreatedOnToolsVersion = 8.2.1;
						DevelopmentTeam = AEXXQNVE8L;
						ProvisioningStyle = Automatic;
						TestTargetID = 2C31655E1E82E09C0074C66C;
					};
				};
			};
			buildConfigurationList = 2C31655A1E82E09C0074C66C /* Build configuration list for PBXProject "infGalleryIOS" */;
			compatibilityVersion = "Xcode 3.2";
			developmentRegion = English;
			hasScannedForEncodings = 0;
			knownRegions = (
				en,
				Base,
			);
			mainGroup = 2C3165561E82E09C0074C66C;
			productRefGroup = 2C3165601E82E09C0074C66C /* Products */;
			projectDirPath = "";
			projectRoot = "";
			targets = (
				2C31655E1E82E09C0074C66C /* infGalleryIOS */,
				2C3165751E82E09D0074C66C /* infGalleryIOSTests */,
				2C3165801E82E09D0074C66C /* infGalleryIOSUITests */,
			);
		};
/* End PBXProject section */

/* Begin PBXResourcesBuildPhase section */
		2C31655D1E82E09C0074C66C /* Resources */ = {
			isa = PBXResourcesBuildPhase;
			buildActionMask = 2147483647;
			files = (
				2C3165701E82E09D0074C66C /* LaunchScreen.storyboard in Resources */,
				2C31656D1E82E09D0074C66C /* Assets.xcassets in Resources */,
				2C3165681E82E09D0074C66C /* Main.storyboard in Resources */,
				2C3165A31E82E2EE0074C66C /* items.plist in Resources */,
			);
			runOnlyForDeploymentPostprocessing = 0;
		};
		2C3165741E82E09D0074C66C /* Resources */ = {
			isa = PBXResourcesBuildPhase;
			buildActionMask = 2147483647;
			files = (
			);
			runOnlyForDeploymentPostprocessing = 0;
		};
		2C31657F1E82E09D0074C66C /* Resources */ = {
			isa = PBXResourcesBuildPhase;
			buildActionMask = 2147483647;
			files = (
			);
			runOnlyForDeploymentPostprocessing = 0;
		};
/* End PBXResourcesBuildPhase section */

/* Begin PBXShellScriptBuildPhase section */
		29A8F5BF6B61ABF3FFC73E80 /* [CP] Embed Pods Frameworks */ = {
			isa = PBXShellScriptBuildPhase;
			buildActionMask = 2147483647;
			files = (
			);
			inputPaths = (
			);
			name = "[CP] Embed Pods Frameworks";
			outputPaths = (
			);
			runOnlyForDeploymentPostprocessing = 0;
			shellPath = /bin/sh;
			shellScript = "\"${SRCROOT}/Pods/Target Support Files/Pods-infGalleryIOSTests/Pods-infGalleryIOSTests-frameworks.sh\"\n";
			showEnvVarsInLog = 0;
		};
		4A6448B87745EC61F38995C3 /* [CP] Copy Pods Resources */ = {
			isa = PBXShellScriptBuildPhase;
			buildActionMask = 2147483647;
			files = (
			);
			inputPaths = (
			);
			name = "[CP] Copy Pods Resources";
			outputPaths = (
			);
			runOnlyForDeploymentPostprocessing = 0;
			shellPath = /bin/sh;
			shellScript = "\"${SRCROOT}/Pods/Target Support Files/Pods-infGalleryIOS/Pods-infGalleryIOS-resources.sh\"\n";
			showEnvVarsInLog = 0;
		};
		6743AF1FA6A7ABBBB6719E3C /* [CP] Copy Pods Resources */ = {
			isa = PBXShellScriptBuildPhase;
			buildActionMask = 2147483647;
			files = (
			);
			inputPaths = (
			);
			name = "[CP] Copy Pods Resources";
			outputPaths = (
			);
			runOnlyForDeploymentPostprocessing = 0;
			shellPath = /bin/sh;
			shellScript = "\"${SRCROOT}/Pods/Target Support Files/Pods-infGalleryIOSUITests/Pods-infGalleryIOSUITests-resources.sh\"\n";
			showEnvVarsInLog = 0;
		};
		6BF05C04F6C495A89541F3AB /* [CP] Check Pods Manifest.lock */ = {
			isa = PBXShellScriptBuildPhase;
			buildActionMask = 2147483647;
			files = (
			);
			inputPaths = (
			);
			name = "[CP] Check Pods Manifest.lock";
			outputPaths = (
			);
			runOnlyForDeploymentPostprocessing = 0;
			shellPath = /bin/sh;
			shellScript = "diff \"${PODS_ROOT}/../Podfile.lock\" \"${PODS_ROOT}/Manifest.lock\" > /dev/null\nif [ $? != 0 ] ; then\n    # print error to STDERR\n    echo \"error: The sandbox is not in sync with the Podfile.lock. Run 'pod install' or update your CocoaPods installation.\" >&2\n    exit 1\nfi\n";
			showEnvVarsInLog = 0;
		};
		929122D2223E68E60713033B /* [CP] Check Pods Manifest.lock */ = {
			isa = PBXShellScriptBuildPhase;
			buildActionMask = 2147483647;
			files = (
			);
			inputPaths = (
			);
			name = "[CP] Check Pods Manifest.lock";
			outputPaths = (
			);
			runOnlyForDeploymentPostprocessing = 0;
			shellPath = /bin/sh;
			shellScript = "diff \"${PODS_ROOT}/../Podfile.lock\" \"${PODS_ROOT}/Manifest.lock\" > /dev/null\nif [ $? != 0 ] ; then\n    # print error to STDERR\n    echo \"error: The sandbox is not in sync with the Podfile.lock. Run 'pod install' or update your CocoaPods installation.\" >&2\n    exit 1\nfi\n";
			showEnvVarsInLog = 0;
		};
		9B735DD3C2D26DCE9D9625DB /* [CP] Check Pods Manifest.lock */ = {
			isa = PBXShellScriptBuildPhase;
			buildActionMask = 2147483647;
			files = (
			);
			inputPaths = (
			);
			name = "[CP] Check Pods Manifest.lock";
			outputPaths = (
			);
			runOnlyForDeploymentPostprocessing = 0;
			shellPath = /bin/sh;
			shellScript = "diff \"${PODS_ROOT}/../Podfile.lock\" \"${PODS_ROOT}/Manifest.lock\" > /dev/null\nif [ $? != 0 ] ; then\n    # print error to STDERR\n    echo \"error: The sandbox is not in sync with the Podfile.lock. Run 'pod install' or update your CocoaPods installation.\" >&2\n    exit 1\nfi\n";
			showEnvVarsInLog = 0;
		};
		BB01FDAC10EEF6C3FA3C6AA1 /* [CP] Copy Pods Resources */ = {
			isa = PBXShellScriptBuildPhase;
			buildActionMask = 2147483647;
			files = (
			);
			inputPaths = (
			);
			name = "[CP] Copy Pods Resources";
			outputPaths = (
			);
			runOnlyForDeploymentPostprocessing = 0;
			shellPath = /bin/sh;
			shellScript = "\"${SRCROOT}/Pods/Target Support Files/Pods-infGalleryIOSTests/Pods-infGalleryIOSTests-resources.sh\"\n";
			showEnvVarsInLog = 0;
		};
		C11DCD98C8660FD9D446F4C1 /* [CP] Embed Pods Frameworks */ = {
			isa = PBXShellScriptBuildPhase;
			buildActionMask = 2147483647;
			files = (
			);
			inputPaths = (
			);
			name = "[CP] Embed Pods Frameworks";
			outputPaths = (
			);
			runOnlyForDeploymentPostprocessing = 0;
			shellPath = /bin/sh;
			shellScript = "\"${SRCROOT}/Pods/Target Support Files/Pods-infGalleryIOSUITests/Pods-infGalleryIOSUITests-frameworks.sh\"\n";
			showEnvVarsInLog = 0;
		};
		F3580FD0FE915E5311F593DE /* [CP] Embed Pods Frameworks */ = {
			isa = PBXShellScriptBuildPhase;
			buildActionMask = 2147483647;
			files = (
			);
			inputPaths = (
			);
			name = "[CP] Embed Pods Frameworks";
			outputPaths = (
			);
			runOnlyForDeploymentPostprocessing = 0;
			shellPath = /bin/sh;
			shellScript = "\"${SRCROOT}/Pods/Target Support Files/Pods-infGalleryIOS/Pods-infGalleryIOS-frameworks.sh\"\n";
			showEnvVarsInLog = 0;
		};
/* End PBXShellScriptBuildPhase section */

/* Begin PBXSourcesBuildPhase section */
		2C31655B1E82E09C0074C66C /* Sources */ = {
			isa = PBXSourcesBuildPhase;
			buildActionMask = 2147483647;
			files = (
				2C31656B1E82E09D0074C66C /* infGalleryIOS.xcdatamodeld in Sources */,
				2C31659E1E82E1820074C66C /* GalleryItemCommentView.swift in Sources */,
				2C3165631E82E09D0074C66C /* AppDelegate.swift in Sources */,
				2C31659A1E82E1670074C66C /* ViewController.swift in Sources */,
				2C31659F1E82E1820074C66C /* GalleryItemCollectionViewCell.swift in Sources */,
				2C3165971E82E13B0074C66C /* GalleryItem.swift in Sources */,
				2C3165A51E82E6130074C66C /* FullscreenImageViewController.swift in Sources */,
			);
			runOnlyForDeploymentPostprocessing = 0;
		};
		2C3165721E82E09D0074C66C /* Sources */ = {
			isa = PBXSourcesBuildPhase;
			buildActionMask = 2147483647;
			files = (
				2C31657B1E82E09D0074C66C /* infGalleryIOSTests.swift in Sources */,
			);
			runOnlyForDeploymentPostprocessing = 0;
		};
		2C31657D1E82E09D0074C66C /* Sources */ = {
			isa = PBXSourcesBuildPhase;
			buildActionMask = 2147483647;
			files = (
				2C3165861E82E09D0074C66C /* infGalleryIOSUITests.swift in Sources */,
			);
			runOnlyForDeploymentPostprocessing = 0;
		};
/* End PBXSourcesBuildPhase section */

/* Begin PBXTargetDependency section */
		2C3165781E82E09D0074C66C /* PBXTargetDependency */ = {
			isa = PBXTargetDependency;
			target = 2C31655E1E82E09C0074C66C /* infGalleryIOS */;
			targetProxy = 2C3165771E82E09D0074C66C /* PBXContainerItemProxy */;
		};
		2C3165831E82E09D0074C66C /* PBXTargetDependency */ = {
			isa = PBXTargetDependency;
			target = 2C31655E1E82E09C0074C66C /* infGalleryIOS */;
			targetProxy = 2C3165821E82E09D0074C66C /* PBXContainerItemProxy */;
		};
/* End PBXTargetDependency section */

/* Begin PBXVariantGroup section */
		2C3165661E82E09D0074C66C /* Main.storyboard */ = {
			isa = PBXVariantGroup;
			children = (
				2C3165671E82E09D0074C66C /* Base */,
			);
			name = Main.storyboard;
			sourceTree = "<group>";
		};
		2C31656E1E82E09D0074C66C /* LaunchScreen.storyboard */ = {
			isa = PBXVariantGroup;
			children = (
				2C31656F1E82E09D0074C66C /* Base */,
			);
			name = LaunchScreen.storyboard;
			sourceTree = "<group>";
		};
/* End PBXVariantGroup section */

/* Begin XCBuildConfiguration section */
		2C3165881E82E09D0074C66C /* Debug */ = {
			isa = XCBuildConfiguration;
			buildSettings = {
				ALWAYS_SEARCH_USER_PATHS = NO;
				CLANG_ANALYZER_NONNULL = YES;
				CLANG_CXX_LANGUAGE_STANDARD = "gnu++0x";
				CLANG_CXX_LIBRARY = "libc++";
				CLANG_ENABLE_MODULES = YES;
				CLANG_ENABLE_OBJC_ARC = YES;
				CLANG_WARN_BOOL_CONVERSION = YES;
				CLANG_WARN_CONSTANT_CONVERSION = YES;
				CLANG_WARN_DIRECT_OBJC_ISA_USAGE = YES_ERROR;
				CLANG_WARN_DOCUMENTATION_COMMENTS = YES;
				CLANG_WARN_EMPTY_BODY = YES;
				CLANG_WARN_ENUM_CONVERSION = YES;
				CLANG_WARN_INFINITE_RECURSION = YES;
				CLANG_WARN_INT_CONVERSION = YES;
				CLANG_WARN_OBJC_ROOT_CLASS = YES_ERROR;
				CLANG_WARN_SUSPICIOUS_MOVE = YES;
				CLANG_WARN_UNREACHABLE_CODE = YES;
				CLANG_WARN__DUPLICATE_METHOD_MATCH = YES;
				"CODE_SIGN_IDENTITY[sdk=iphoneos*]" = "iPhone Developer";
				COPY_PHASE_STRIP = NO;
				DEBUG_INFORMATION_FORMAT = dwarf;
				ENABLE_STRICT_OBJC_MSGSEND = YES;
				ENABLE_TESTABILITY = YES;
				GCC_C_LANGUAGE_STANDARD = gnu99;
				GCC_DYNAMIC_NO_PIC = NO;
				GCC_NO_COMMON_BLOCKS = YES;
				GCC_OPTIMIZATION_LEVEL = 0;
				GCC_PREPROCESSOR_DEFINITIONS = (
					"DEBUG=1",
					"$(inherited)",
				);
				GCC_WARN_64_TO_32_BIT_CONVERSION = YES;
				GCC_WARN_ABOUT_RETURN_TYPE = YES_ERROR;
				GCC_WARN_UNDECLARED_SELECTOR = YES;
				GCC_WARN_UNINITIALIZED_AUTOS = YES_AGGRESSIVE;
				GCC_WARN_UNUSED_FUNCTION = YES;
				GCC_WARN_UNUSED_VARIABLE = YES;
				IPHONEOS_DEPLOYMENT_TARGET = 10.2;
				MTL_ENABLE_DEBUG_INFO = YES;
				ONLY_ACTIVE_ARCH = YES;
				SDKROOT = iphoneos;
				SWIFT_ACTIVE_COMPILATION_CONDITIONS = DEBUG;
				SWIFT_OPTIMIZATION_LEVEL = "-Onone";
				TARGETED_DEVICE_FAMILY = "1,2";
			};
			name = Debug;
		};
		2C3165891E82E09D0074C66C /* Release */ = {
			isa = XCBuildConfiguration;
			buildSettings = {
				ALWAYS_SEARCH_USER_PATHS = NO;
				CLANG_ANALYZER_NONNULL = YES;
				CLANG_CXX_LANGUAGE_STANDARD = "gnu++0x";
				CLANG_CXX_LIBRARY = "libc++";
				CLANG_ENABLE_MODULES = YES;
				CLANG_ENABLE_OBJC_ARC = YES;
				CLANG_WARN_BOOL_CONVERSION = YES;
				CLANG_WARN_CONSTANT_CONVERSION = YES;
				CLANG_WARN_DIRECT_OBJC_ISA_USAGE = YES_ERROR;
				CLANG_WARN_DOCUMENTATION_COMMENTS = YES;
				CLANG_WARN_EMPTY_BODY = YES;
				CLANG_WARN_ENUM_CONVERSION = YES;
				CLANG_WARN_INFINITE_RECURSION = YES;
				CLANG_WARN_INT_CONVERSION = YES;
				CLANG_WARN_OBJC_ROOT_CLASS = YES_ERROR;
				CLANG_WARN_SUSPICIOUS_MOVE = YES;
				CLANG_WARN_UNREACHABLE_CODE = YES;
				CLANG_WARN__DUPLICATE_METHOD_MATCH = YES;
				"CODE_SIGN_IDENTITY[sdk=iphoneos*]" = "iPhone Developer";
				COPY_PHASE_STRIP = NO;
				DEBUG_INFORMATION_FORMAT = "dwarf-with-dsym";
				ENABLE_NS_ASSERTIONS = NO;
				ENABLE_STRICT_OBJC_MSGSEND = YES;
				GCC_C_LANGUAGE_STANDARD = gnu99;
				GCC_NO_COMMON_BLOCKS = YES;
				GCC_WARN_64_TO_32_BIT_CONVERSION = YES;
				GCC_WARN_ABOUT_RETURN_TYPE = YES_ERROR;
				GCC_WARN_UNDECLARED_SELECTOR = YES;
				GCC_WARN_UNINITIALIZED_AUTOS = YES_AGGRESSIVE;
				GCC_WARN_UNUSED_FUNCTION = YES;
				GCC_WARN_UNUSED_VARIABLE = YES;
				IPHONEOS_DEPLOYMENT_TARGET = 10.2;
				MTL_ENABLE_DEBUG_INFO = NO;
				SDKROOT = iphoneos;
				SWIFT_OPTIMIZATION_LEVEL = "-Owholemodule";
				TARGETED_DEVICE_FAMILY = "1,2";
				VALIDATE_PRODUCT = YES;
			};
			name = Release;
		};
		2C31658B1E82E09D0074C66C /* Debug */ = {
			isa = XCBuildConfiguration;
			baseConfigurationReference = 489271A4499F4C889F143558 /* Pods-infGalleryIOS.debug.xcconfig */;
			buildSettings = {
				ASSETCATALOG_COMPILER_APPICON_NAME = AppIcon;
				DEVELOPMENT_TEAM = AEXXQNVE8L;
				INFOPLIST_FILE = infGalleryIOS/Info.plist;
				LD_RUNPATH_SEARCH_PATHS = "$(inherited) @executable_path/Frameworks";
				PRODUCT_BUNDLE_IDENTIFIER = Kamajabu.infGalleryIOS;
				PRODUCT_NAME = "$(TARGET_NAME)";
				SWIFT_VERSION = 3.0;
			};
			name = Debug;
		};
		2C31658C1E82E09D0074C66C /* Release */ = {
			isa = XCBuildConfiguration;
			baseConfigurationReference = E231A69246522218F684FA6F /* Pods-infGalleryIOS.release.xcconfig */;
			buildSettings = {
				ASSETCATALOG_COMPILER_APPICON_NAME = AppIcon;
				DEVELOPMENT_TEAM = AEXXQNVE8L;
				INFOPLIST_FILE = infGalleryIOS/Info.plist;
				LD_RUNPATH_SEARCH_PATHS = "$(inherited) @executable_path/Frameworks";
				PRODUCT_BUNDLE_IDENTIFIER = Kamajabu.infGalleryIOS;
				PRODUCT_NAME = "$(TARGET_NAME)";
				SWIFT_VERSION = 3.0;
			};
			name = Release;
		};
		2C31658E1E82E09D0074C66C /* Debug */ = {
			isa = XCBuildConfiguration;
			baseConfigurationReference = A195C0989549ABD3AA47FA8D /* Pods-infGalleryIOSTests.debug.xcconfig */;
			buildSettings = {
				ALWAYS_EMBED_SWIFT_STANDARD_LIBRARIES = YES;
				BUNDLE_LOADER = "$(TEST_HOST)";
				DEVELOPMENT_TEAM = AEXXQNVE8L;
				INFOPLIST_FILE = infGalleryIOSTests/Info.plist;
				LD_RUNPATH_SEARCH_PATHS = "$(inherited) @executable_path/Frameworks @loader_path/Frameworks";
				PRODUCT_BUNDLE_IDENTIFIER = Kamajabu.infGalleryIOSTests;
				PRODUCT_NAME = "$(TARGET_NAME)";
				SWIFT_VERSION = 3.0;
				TEST_HOST = "$(BUILT_PRODUCTS_DIR)/infGalleryIOS.app/infGalleryIOS";
			};
			name = Debug;
		};
		2C31658F1E82E09D0074C66C /* Release */ = {
			isa = XCBuildConfiguration;
			baseConfigurationReference = 5AF3F18E3B32EF4697ADD1C1 /* Pods-infGalleryIOSTests.release.xcconfig */;
			buildSettings = {
				ALWAYS_EMBED_SWIFT_STANDARD_LIBRARIES = YES;
				BUNDLE_LOADER = "$(TEST_HOST)";
				DEVELOPMENT_TEAM = AEXXQNVE8L;
				INFOPLIST_FILE = infGalleryIOSTests/Info.plist;
				LD_RUNPATH_SEARCH_PATHS = "$(inherited) @executable_path/Frameworks @loader_path/Frameworks";
				PRODUCT_BUNDLE_IDENTIFIER = Kamajabu.infGalleryIOSTests;
				PRODUCT_NAME = "$(TARGET_NAME)";
				SWIFT_VERSION = 3.0;
				TEST_HOST = "$(BUILT_PRODUCTS_DIR)/infGalleryIOS.app/infGalleryIOS";
			};
			name = Release;
		};
		2C3165911E82E09D0074C66C /* Debug */ = {
			isa = XCBuildConfiguration;
			baseConfigurationReference = 23E9098E4ACE78F24444D1B5 /* Pods-infGalleryIOSUITests.debug.xcconfig */;
			buildSettings = {
				ALWAYS_EMBED_SWIFT_STANDARD_LIBRARIES = YES;
				DEVELOPMENT_TEAM = AEXXQNVE8L;
				INFOPLIST_FILE = infGalleryIOSUITests/Info.plist;
				LD_RUNPATH_SEARCH_PATHS = "$(inherited) @executable_path/Frameworks @loader_path/Frameworks";
				PRODUCT_BUNDLE_IDENTIFIER = Kamajabu.infGalleryIOSUITests;
				PRODUCT_NAME = "$(TARGET_NAME)";
				SWIFT_VERSION = 3.0;
				TEST_TARGET_NAME = infGalleryIOS;
			};
			name = Debug;
		};
		2C3165921E82E09D0074C66C /* Release */ = {
			isa = XCBuildConfiguration;
			baseConfigurationReference = 0DC730EB4E1E691612AFEA6D /* Pods-infGalleryIOSUITests.release.xcconfig */;
			buildSettings = {
				ALWAYS_EMBED_SWIFT_STANDARD_LIBRARIES = YES;
				DEVELOPMENT_TEAM = AEXXQNVE8L;
				INFOPLIST_FILE = infGalleryIOSUITests/Info.plist;
				LD_RUNPATH_SEARCH_PATHS = "$(inherited) @executable_path/Frameworks @loader_path/Frameworks";
				PRODUCT_BUNDLE_IDENTIFIER = Kamajabu.infGalleryIOSUITests;
				PRODUCT_NAME = "$(TARGET_NAME)";
				SWIFT_VERSION = 3.0;
				TEST_TARGET_NAME = infGalleryIOS;
			};
			name = Release;
		};
/* End XCBuildConfiguration section */

/* Begin XCConfigurationList section */
		2C31655A1E82E09C0074C66C /* Build configuration list for PBXProject "infGalleryIOS" */ = {
			isa = XCConfigurationList;
			buildConfigurations = (
				2C3165881E82E09D0074C66C /* Debug */,
				2C3165891E82E09D0074C66C /* Release */,
			);
			defaultConfigurationIsVisible = 0;
			defaultConfigurationName = Release;
		};
		2C31658A1E82E09D0074C66C /* Build configuration list for PBXNativeTarget "infGalleryIOS" */ = {
			isa = XCConfigurationList;
			buildConfigurations = (
				2C31658B1E82E09D0074C66C /* Debug */,
				2C31658C1E82E09D0074C66C /* Release */,
			);
			defaultConfigurationIsVisible = 0;
		};
		2C31658D1E82E09D0074C66C /* Build configuration list for PBXNativeTarget "infGalleryIOSTests" */ = {
			isa = XCConfigurationList;
			buildConfigurations = (
				2C31658E1E82E09D0074C66C /* Debug */,
				2C31658F1E82E09D0074C66C /* Release */,
			);
			defaultConfigurationIsVisible = 0;
		};
		2C3165901E82E09D0074C66C /* Build configuration list for PBXNativeTarget "infGalleryIOSUITests" */ = {
			isa = XCConfigurationList;
			buildConfigurations = (
				2C3165911E82E09D0074C66C /* Debug */,
				2C3165921E82E09D0074C66C /* Release */,
			);
			defaultConfigurationIsVisible = 0;
		};
/* End XCConfigurationList section */

/* Begin XCVersionGroup section */
		2C3165691E82E09D0074C66C /* infGalleryIOS.xcdatamodeld */ = {
			isa = XCVersionGroup;
			children = (
				2C31656A1E82E09D0074C66C /* infGalleryIOS.xcdatamodel */,
			);
			currentVersion = 2C31656A1E82E09D0074C66C /* infGalleryIOS.xcdatamodel */;
			path = infGalleryIOS.xcdatamodeld;
			sourceTree = "<group>";
			versionGroupType = wrapper.xcdatamodel;
		};
/* End XCVersionGroup section */
	};
	rootObject = 2C3165571E82E09C0074C66C /* Project object */;
}
